
Microsoft Visual Studio Solution File, Format Version 12.00
# Visual Studio Version 16
VisualStudioVersion = 16.0.29102.190
MinimumVisualStudioVersion = 10.0.40219.1
Project("{9A19103F-16F7-4668-BE54-9A1E7A4F7556}") = "IRCalculator.Console", "IRCalculator.Console\IRCalculator.Console.csproj", "{60DF587D-BDAB-4923-BD67-9B9C5ECFDDAD}"
EndProject
Project("{9A19103F-16F7-4668-BE54-9A1E7A4F7556}") = "IRCalculator.MSTest", "IRCalculator.MSTest\IRCalculator.MSTest.csproj", "{FA912E65-4FEB-4CB9-8AE0-6372FE2DB9A5}"
EndProject
Project("{9A19103F-16F7-4668-BE54-9A1E7A4F7556}") = "IRCalculator.Domain", "IRCalculator.Domain\IRCalculator.Domain.csproj", "{1EFD1485-986F-44FE-A5A5-B7926EDE8A27}"
EndProject
Project("{FAE04EC0-301F-11D3-BF4B-00C04F79EFBC}") = "IRCalculator.XUnit", "IRCalculator.XUnit\IRCalculator.XUnit.csproj", "{C3FDC4AE-379B-4656-92DB-A6E22F417BDE}"
EndProject
Global
	GlobalSection(SolutionConfigurationPlatforms) = preSolution
		Debug|Any CPU = Debug|Any CPU
		Release|Any CPU = Release|Any CPU
	EndGlobalSection
	GlobalSection(ProjectConfigurationPlatforms) = postSolution
		{60DF587D-BDAB-4923-BD67-9B9C5ECFDDAD}.Debug|Any CPU.ActiveCfg = Debug|Any CPU
		{60DF587D-BDAB-4923-BD67-9B9C5ECFDDAD}.Debug|Any CPU.Build.0 = Debug|Any CPU
		{60DF587D-BDAB-4923-BD67-9B9C5ECFDDAD}.Release|Any CPU.ActiveCfg = Release|Any CPU
		{60DF587D-BDAB-4923-BD67-9B9C5ECFDDAD}.Release|Any CPU.Build.0 = Release|Any CPU
		{FA912E65-4FEB-4CB9-8AE0-6372FE2DB9A5}.Debug|Any CPU.ActiveCfg = Debug|Any CPU
		{FA912E65-4FEB-4CB9-8AE0-6372FE2DB9A5}.Debug|Any CPU.Build.0 = Debug|Any CPU
		{FA912E65-4FEB-4CB9-8AE0-6372FE2DB9A5}.Release|Any CPU.ActiveCfg = Release|Any CPU
		{FA912E65-4FEB-4CB9-8AE0-6372FE2DB9A5}.Release|Any CPU.Build.0 = Release|Any CPU
		{1EFD1485-986F-44FE-A5A5-B7926EDE8A27}.Debug|Any CPU.ActiveCfg = Debug|Any CPU
		{1EFD1485-986F-44FE-A5A5-B7926EDE8A27}.Debug|Any CPU.Build.0 = Debug|Any CPU
		{1EFD1485-986F-44FE-A5A5-B7926EDE8A27}.Release|Any CPU.ActiveCfg = Release|Any CPU
		{1EFD1485-986F-44FE-A5A5-B7926EDE8A27}.Release|Any CPU.Build.0 = Release|Any CPU
		{C3FDC4AE-379B-4656-92DB-A6E22F417BDE}.Debug|Any CPU.ActiveCfg = Debug|Any CPU
		{C3FDC4AE-379B-4656-92DB-A6E22F417BDE}.Debug|Any CPU.Build.0 = Debug|Any CPU
		{C3FDC4AE-379B-4656-92DB-A6E22F417BDE}.Release|Any CPU.ActiveCfg = Release|Any CPU
		{C3FDC4AE-379B-4656-92DB-A6E22F417BDE}.Release|Any CPU.Build.0 = Release|Any CPU
	EndGlobalSection
	GlobalSection(SolutionProperties) = preSolution
		HideSolutionNode = FALSE
	EndGlobalSection
	GlobalSection(ExtensibilityGlobals) = postSolution
		SolutionGuid = {077CB768-8A4A-4184-841A-D648DB836BD1}
	EndGlobalSection
EndGlobal
